// !$*UTF8*$!
{
	archiveVersion = 1;
	classes = {
	};
	objectVersion = 46;
	objects = {

/* Begin PBXBuildFile section */
		2C16D3071F683A8D000DA26B /* main.m in Sources */ = {isa = PBXBuildFile; fileRef = 2C16D3061F683A8D000DA26B /* main.m */; };
		2C16D30A1F683A8D000DA26B /* AppDelegate.m in Sources */ = {isa = PBXBuildFile; fileRef = 2C16D3091F683A8D000DA26B /* AppDelegate.m */; };
		2C16D30D1F683A8D000DA26B /* CardGameViewController.mm in Sources */ = {isa = PBXBuildFile; fileRef = 2C16D30C1F683A8D000DA26B /* CardGameViewController.mm */; };
		2C16D3101F683A8D000DA26B /* Main.storyboard in Resources */ = {isa = PBXBuildFile; fileRef = 2C16D30E1F683A8D000DA26B /* Main.storyboard */; };
		2C16D3131F683A8D000DA26B /* ex2.xcdatamodeld in Sources */ = {isa = PBXBuildFile; fileRef = 2C16D3111F683A8D000DA26B /* ex2.xcdatamodeld */; };
		2C16D3151F683A8D000DA26B /* Assets.xcassets in Resources */ = {isa = PBXBuildFile; fileRef = 2C16D3141F683A8D000DA26B /* Assets.xcassets */; };
		2C16D3181F683A8D000DA26B /* LaunchScreen.storyboard in Resources */ = {isa = PBXBuildFile; fileRef = 2C16D3161F683A8D000DA26B /* LaunchScreen.storyboard */; };
		2C16D3281F683B79000DA26B /* Card.mm in Sources */ = {isa = PBXBuildFile; fileRef = 2C16D3211F683B79000DA26B /* Card.mm */; };
		2C16D3291F683B79000DA26B /* Deck.mm in Sources */ = {isa = PBXBuildFile; fileRef = 2C16D3231F683B79000DA26B /* Deck.mm */; };
		2C16D32A1F683B79000DA26B /* PlayingCard.mm in Sources */ = {isa = PBXBuildFile; fileRef = 2C16D3251F683B79000DA26B /* PlayingCard.mm */; };
		2C16D32B1F683B79000DA26B /* PlayingCardDeck.mm in Sources */ = {isa = PBXBuildFile; fileRef = 2C16D3271F683B79000DA26B /* PlayingCardDeck.mm */; };
		2C2346AF1F690A5B0070CC1B /* CardMatchingGame.mm in Sources */ = {isa = PBXBuildFile; fileRef = 2C2346AE1F690A5B0070CC1B /* CardMatchingGame.mm */; };
		2C44BA131F7A574500EE5EDB /* Grid.mm in Sources */ = {isa = PBXBuildFile; fileRef = 2C44BA121F7A574500EE5EDB /* Grid.mm */; };
		2CEB55001F7B7E8300DC9AD8 /* PlayingCardView.mm in Sources */ = {isa = PBXBuildFile; fileRef = 2CEB54FF1F7B7E8300DC9AD8 /* PlayingCardView.mm */; };
		2CEB55041F7B935C00DC9AD8 /* SetCardView.mm in Sources */ = {isa = PBXBuildFile; fileRef = 2CEB55031F7B935C00DC9AD8 /* SetCardView.mm */; };
		2CF07ED51F6E7E8D00778CB5 /* MatchismoGameViewController.mm in Sources */ = {isa = PBXBuildFile; fileRef = 2CF07ED41F6E7E8D00778CB5 /* MatchismoGameViewController.mm */; };
		2CF07EDB1F6EABB400778CB5 /* SetGameViewController.mm in Sources */ = {isa = PBXBuildFile; fileRef = 2CF07EDA1F6EABB400778CB5 /* SetGameViewController.mm */; };
		2CF07EDE1F6EABF900778CB5 /* SetCardDeck.mm in Sources */ = {isa = PBXBuildFile; fileRef = 2CF07EDD1F6EABF900778CB5 /* SetCardDeck.mm */; };
		2CF07EE11F6EAC1200778CB5 /* SetCard.mm in Sources */ = {isa = PBXBuildFile; fileRef = 2CF07EE01F6EAC1200778CB5 /* SetCard.mm */; };
/* End PBXBuildFile section */

/* Begin PBXFileReference section */
		2C16D3021F683A8D000DA26B /* ex4.app */ = {isa = PBXFileReference; explicitFileType = wrapper.application; includeInIndex = 0; path = ex4.app; sourceTree = BUILT_PRODUCTS_DIR; };
		2C16D3061F683A8D000DA26B /* main.m */ = {isa = PBXFileReference; lastKnownFileType = sourcecode.c.objc; path = main.m; sourceTree = "<group>"; };
		2C16D3081F683A8D000DA26B /* AppDelegate.h */ = {isa = PBXFileReference; lastKnownFileType = sourcecode.c.h; path = AppDelegate.h; sourceTree = "<group>"; };
		2C16D3091F683A8D000DA26B /* AppDelegate.m */ = {isa = PBXFileReference; lastKnownFileType = sourcecode.c.objc; path = AppDelegate.m; sourceTree = "<group>"; };
		2C16D30B1F683A8D000DA26B /* CardGameViewController.h */ = {isa = PBXFileReference; lastKnownFileType = sourcecode.c.h; path = CardGameViewController.h; sourceTree = "<group>"; };
		2C16D30C1F683A8D000DA26B /* CardGameViewController.mm */ = {isa = PBXFileReference; lastKnownFileType = sourcecode.cpp.objcpp; path = CardGameViewController.mm; sourceTree = "<group>"; };
		2C16D30F1F683A8D000DA26B /* Base */ = {isa = PBXFileReference; lastKnownFileType = file.storyboard; name = Base; path = Base.lproj/Main.storyboard; sourceTree = "<group>"; };
		2C16D3121F683A8D000DA26B /* ex2.xcdatamodel */ = {isa = PBXFileReference; lastKnownFileType = wrapper.xcdatamodel; path = ex2.xcdatamodel; sourceTree = "<group>"; };
		2C16D3141F683A8D000DA26B /* Assets.xcassets */ = {isa = PBXFileReference; lastKnownFileType = folder.assetcatalog; path = Assets.xcassets; sourceTree = "<group>"; };
		2C16D3171F683A8D000DA26B /* Base */ = {isa = PBXFileReference; lastKnownFileType = file.storyboard; name = Base; path = Base.lproj/LaunchScreen.storyboard; sourceTree = "<group>"; };
		2C16D3191F683A8D000DA26B /* Info.plist */ = {isa = PBXFileReference; lastKnownFileType = text.plist.xml; path = Info.plist; sourceTree = "<group>"; };
		2C16D3201F683B79000DA26B /* Card.h */ = {isa = PBXFileReference; fileEncoding = 4; lastKnownFileType = sourcecode.c.h; path = Card.h; sourceTree = "<group>"; };
		2C16D3211F683B79000DA26B /* Card.mm */ = {isa = PBXFileReference; fileEncoding = 4; lastKnownFileType = sourcecode.cpp.objcpp; path = Card.mm; sourceTree = "<group>"; };
		2C16D3221F683B79000DA26B /* Deck.h */ = {isa = PBXFileReference; fileEncoding = 4; lastKnownFileType = sourcecode.c.h; path = Deck.h; sourceTree = "<group>"; };
		2C16D3231F683B79000DA26B /* Deck.mm */ = {isa = PBXFileReference; fileEncoding = 4; lastKnownFileType = sourcecode.cpp.objcpp; path = Deck.mm; sourceTree = "<group>"; };
		2C16D3241F683B79000DA26B /* PlayingCard.h */ = {isa = PBXFileReference; fileEncoding = 4; lastKnownFileType = sourcecode.c.h; path = PlayingCard.h; sourceTree = "<group>"; };
		2C16D3251F683B79000DA26B /* PlayingCard.mm */ = {isa = PBXFileReference; fileEncoding = 4; lastKnownFileType = sourcecode.cpp.objcpp; path = PlayingCard.mm; sourceTree = "<group>"; };
		2C16D3261F683B79000DA26B /* PlayingCardDeck.h */ = {isa = PBXFileReference; fileEncoding = 4; lastKnownFileType = sourcecode.c.h; path = PlayingCardDeck.h; sourceTree = "<group>"; };
		2C16D3271F683B79000DA26B /* PlayingCardDeck.mm */ = {isa = PBXFileReference; fileEncoding = 4; lastKnownFileType = sourcecode.cpp.objcpp; path = PlayingCardDeck.mm; sourceTree = "<group>"; };
		2C2346AD1F690A5B0070CC1B /* CardMatchingGame.h */ = {isa = PBXFileReference; fileEncoding = 4; lastKnownFileType = sourcecode.c.h; path = CardMatchingGame.h; sourceTree = "<group>"; };
		2C2346AE1F690A5B0070CC1B /* CardMatchingGame.mm */ = {isa = PBXFileReference; fileEncoding = 4; lastKnownFileType = sourcecode.cpp.objcpp; path = CardMatchingGame.mm; sourceTree = "<group>"; };
		2C44BA111F7A574500EE5EDB /* Grid.h */ = {isa = PBXFileReference; fileEncoding = 4; lastKnownFileType = sourcecode.c.h; path = Grid.h; sourceTree = "<group>"; };
		2C44BA121F7A574500EE5EDB /* Grid.mm */ = {isa = PBXFileReference; fileEncoding = 4; lastKnownFileType = sourcecode.cpp.objcpp; path = Grid.mm; sourceTree = "<group>"; };
		2CEB54FE1F7B7E8300DC9AD8 /* PlayingCardView.h */ = {isa = PBXFileReference; fileEncoding = 4; lastKnownFileType = sourcecode.c.h; path = PlayingCardView.h; sourceTree = "<group>"; };
		2CEB54FF1F7B7E8300DC9AD8 /* PlayingCardView.mm */ = {isa = PBXFileReference; fileEncoding = 4; lastKnownFileType = sourcecode.cpp.objcpp; path = PlayingCardView.mm; sourceTree = "<group>"; };
		2CEB55021F7B935C00DC9AD8 /* SetCardView.h */ = {isa = PBXFileReference; fileEncoding = 4; lastKnownFileType = sourcecode.c.h; path = SetCardView.h; sourceTree = "<group>"; };
		2CEB55031F7B935C00DC9AD8 /* SetCardView.mm */ = {isa = PBXFileReference; fileEncoding = 4; lastKnownFileType = sourcecode.cpp.objcpp; path = SetCardView.mm; sourceTree = "<group>"; };
		2CF07ED31F6E7E8D00778CB5 /* MatchismoGameViewController.h */ = {isa = PBXFileReference; fileEncoding = 4; lastKnownFileType = sourcecode.c.h; path = MatchismoGameViewController.h; sourceTree = "<group>"; };
		2CF07ED41F6E7E8D00778CB5 /* MatchismoGameViewController.mm */ = {isa = PBXFileReference; fileEncoding = 4; lastKnownFileType = sourcecode.cpp.objcpp; path = MatchismoGameViewController.mm; sourceTree = "<group>"; };
		2CF07ED91F6EABB400778CB5 /* SetGameViewController.h */ = {isa = PBXFileReference; fileEncoding = 4; lastKnownFileType = sourcecode.c.h; path = SetGameViewController.h; sourceTree = "<group>"; };
		2CF07EDA1F6EABB400778CB5 /* SetGameViewController.mm */ = {isa = PBXFileReference; fileEncoding = 4; lastKnownFileType = sourcecode.cpp.objcpp; path = SetGameViewController.mm; sourceTree = "<group>"; };
		2CF07EDC1F6EABF900778CB5 /* SetCardDeck.h */ = {isa = PBXFileReference; fileEncoding = 4; lastKnownFileType = sourcecode.c.h; path = SetCardDeck.h; sourceTree = "<group>"; };
		2CF07EDD1F6EABF900778CB5 /* SetCardDeck.mm */ = {isa = PBXFileReference; fileEncoding = 4; lastKnownFileType = sourcecode.cpp.objcpp; path = SetCardDeck.mm; sourceTree = "<group>"; };
		2CF07EDF1F6EAC1200778CB5 /* SetCard.h */ = {isa = PBXFileReference; fileEncoding = 4; lastKnownFileType = sourcecode.c.h; path = SetCard.h; sourceTree = "<group>"; };
		2CF07EE01F6EAC1200778CB5 /* SetCard.mm */ = {isa = PBXFileReference; fileEncoding = 4; lastKnownFileType = sourcecode.cpp.objcpp; path = SetCard.mm; sourceTree = "<group>"; };
/* End PBXFileReference section */

/* Begin PBXFrameworksBuildPhase section */
		2C16D2FF1F683A8D000DA26B /* Frameworks */ = {
			isa = PBXFrameworksBuildPhase;
			buildActionMask = 2147483647;
			files = (
			);
			runOnlyForDeploymentPostprocessing = 0;
		};
/* End PBXFrameworksBuildPhase section */

/* Begin PBXGroup section */
		2C16D2F91F683A8C000DA26B = {
			isa = PBXGroup;
			children = (
				2C16D3041F683A8D000DA26B /* ex4 */,
				2C16D3031F683A8D000DA26B /* Products */,
			);
			sourceTree = "<group>";
		};
		2C16D3031F683A8D000DA26B /* Products */ = {
			isa = PBXGroup;
			children = (
				2C16D3021F683A8D000DA26B /* ex4.app */,
			);
			name = Products;
			sourceTree = "<group>";
		};
		2C16D3041F683A8D000DA26B /* ex4 */ = {
			isa = PBXGroup;
			children = (
				2CEB55011F7B7FB200DC9AD8 /* View */,
				2C44BA101F7A572600EE5EDB /* Grid */,
				2C16D31F1F683A93000DA26B /* Model */,
				2C16D30B1F683A8D000DA26B /* CardGameViewController.h */,
				2C16D30C1F683A8D000DA26B /* CardGameViewController.mm */,
				2C16D30E1F683A8D000DA26B /* Main.storyboard */,
				2CF07ED91F6EABB400778CB5 /* SetGameViewController.h */,
				2CF07EDA1F6EABB400778CB5 /* SetGameViewController.mm */,
				2CF07ED31F6E7E8D00778CB5 /* MatchismoGameViewController.h */,
				2CF07ED41F6E7E8D00778CB5 /* MatchismoGameViewController.mm */,
				2C16D3141F683A8D000DA26B /* Assets.xcassets */,
				2C16D3161F683A8D000DA26B /* LaunchScreen.storyboard */,
				2C16D3191F683A8D000DA26B /* Info.plist */,
				2C16D3111F683A8D000DA26B /* ex2.xcdatamodeld */,
				2C16D3051F683A8D000DA26B /* Supporting Files */,
			);
			name = ex4;
			path = ex2;
			sourceTree = "<group>";
		};
		2C16D3051F683A8D000DA26B /* Supporting Files */ = {
			isa = PBXGroup;
			children = (
				2C16D3081F683A8D000DA26B /* AppDelegate.h */,
				2C16D3091F683A8D000DA26B /* AppDelegate.m */,
				2C16D3061F683A8D000DA26B /* main.m */,
			);
			name = "Supporting Files";
			sourceTree = "<group>";
		};
		2C16D31F1F683A93000DA26B /* Model */ = {
			isa = PBXGroup;
			children = (
				2C16D3201F683B79000DA26B /* Card.h */,
				2C16D3211F683B79000DA26B /* Card.mm */,
				2C16D3221F683B79000DA26B /* Deck.h */,
				2C16D3231F683B79000DA26B /* Deck.mm */,
				2C16D3241F683B79000DA26B /* PlayingCard.h */,
				2C16D3251F683B79000DA26B /* PlayingCard.mm */,
				2C16D3261F683B79000DA26B /* PlayingCardDeck.h */,
				2C16D3271F683B79000DA26B /* PlayingCardDeck.mm */,
				2C2346AD1F690A5B0070CC1B /* CardMatchingGame.h */,
				2C2346AE1F690A5B0070CC1B /* CardMatchingGame.mm */,
				2CF07EDC1F6EABF900778CB5 /* SetCardDeck.h */,
				2CF07EDD1F6EABF900778CB5 /* SetCardDeck.mm */,
				2CF07EDF1F6EAC1200778CB5 /* SetCard.h */,
				2CF07EE01F6EAC1200778CB5 /* SetCard.mm */,
			);
			name = Model;
			sourceTree = "<group>";
		};
		2C44BA101F7A572600EE5EDB /* Grid */ = {
			isa = PBXGroup;
			children = (
				2C44BA111F7A574500EE5EDB /* Grid.h */,
				2C44BA121F7A574500EE5EDB /* Grid.mm */,
			);
			name = Grid;
			sourceTree = "<group>";
		};
		2CEB55011F7B7FB200DC9AD8 /* View */ = {
			isa = PBXGroup;
			children = (
				2CEB55021F7B935C00DC9AD8 /* SetCardView.h */,
				2CEB55031F7B935C00DC9AD8 /* SetCardView.mm */,
				2CEB54FE1F7B7E8300DC9AD8 /* PlayingCardView.h */,
				2CEB54FF1F7B7E8300DC9AD8 /* PlayingCardView.mm */,
			);
			name = View;
			sourceTree = "<group>";
		};
/* End PBXGroup section */

/* Begin PBXNativeTarget section */
		2C16D3011F683A8D000DA26B /* ex4 */ = {
			isa = PBXNativeTarget;
			buildConfigurationList = 2C16D31C1F683A8D000DA26B /* Build configuration list for PBXNativeTarget "ex4" */;
			buildPhases = (
				2C16D2FE1F683A8D000DA26B /* Sources */,
				2C16D2FF1F683A8D000DA26B /* Frameworks */,
				2C16D3001F683A8D000DA26B /* Resources */,
			);
			buildRules = (
			);
			dependencies = (
			);
			name = ex4;
			productName = ex2;
			productReference = 2C16D3021F683A8D000DA26B /* ex4.app */;
			productType = "com.apple.product-type.application";
		};
/* End PBXNativeTarget section */

/* Begin PBXProject section */
		2C16D2FA1F683A8C000DA26B /* Project object */ = {
			isa = PBXProject;
			attributes = {
				LastUpgradeCheck = 0830;
				ORGANIZATIONNAME = "Or Shalev";
				TargetAttributes = {
					2C16D3011F683A8D000DA26B = {
						CreatedOnToolsVersion = 8.3.2;
						DevelopmentTeam = KG6GWND6BG;
						ProvisioningStyle = Automatic;
					};
				};
			};
			buildConfigurationList = 2C16D2FD1F683A8C000DA26B /* Build configuration list for PBXProject "ex4" */;
			compatibilityVersion = "Xcode 3.2";
			developmentRegion = English;
			hasScannedForEncodings = 0;
			knownRegions = (
				en,
				Base,
			);
			mainGroup = 2C16D2F91F683A8C000DA26B;
			productRefGroup = 2C16D3031F683A8D000DA26B /* Products */;
			projectDirPath = "";
			projectRoot = "";
			targets = (
				2C16D3011F683A8D000DA26B /* ex4 */,
			);
		};
/* End PBXProject section */

/* Begin PBXResourcesBuildPhase section */
		2C16D3001F683A8D000DA26B /* Resources */ = {
			isa = PBXResourcesBuildPhase;
			buildActionMask = 2147483647;
			files = (
				2C16D3181F683A8D000DA26B /* LaunchScreen.storyboard in Resources */,
				2C16D3151F683A8D000DA26B /* Assets.xcassets in Resources */,
				2C16D3101F683A8D000DA26B /* Main.storyboard in Resources */,
			);
			runOnlyForDeploymentPostprocessing = 0;
		};
/* End PBXResourcesBuildPhase section */

/* Begin PBXSourcesBuildPhase section */
		2C16D2FE1F683A8D000DA26B /* Sources */ = {
			isa = PBXSourcesBuildPhase;
			buildActionMask = 2147483647;
			files = (
				2CF07ED51F6E7E8D00778CB5 /* MatchismoGameViewController.mm in Sources */,
				2C16D3281F683B79000DA26B /* Card.mm in Sources */,
				2C16D32A1F683B79000DA26B /* PlayingCard.mm in Sources */,
				2C16D30D1F683A8D000DA26B /* CardGameViewController.mm in Sources */,
				2C2346AF1F690A5B0070CC1B /* CardMatchingGame.mm in Sources */,
				2CF07EE11F6EAC1200778CB5 /* SetCard.mm in Sources */,
				2C16D30A1F683A8D000DA26B /* AppDelegate.m in Sources */,
				2C16D3071F683A8D000DA26B /* main.m in Sources */,
				2CF07EDE1F6EABF900778CB5 /* SetCardDeck.mm in Sources */,
				2C44BA131F7A574500EE5EDB /* Grid.mm in Sources */,
				2C16D3291F683B79000DA26B /* Deck.mm in Sources */,
				2C16D3131F683A8D000DA26B /* ex2.xcdatamodeld in Sources */,
				2C16D32B1F683B79000DA26B /* PlayingCardDeck.mm in Sources */,
				2CEB55041F7B935C00DC9AD8 /* SetCardView.mm in Sources */,
				2CF07EDB1F6EABB400778CB5 /* SetGameViewController.mm in Sources */,
				2CEB55001F7B7E8300DC9AD8 /* PlayingCardView.mm in Sources */,
			);
			runOnlyForDeploymentPostprocessing = 0;
		};
/* End PBXSourcesBuildPhase section */

/* Begin PBXVariantGroup section */
		2C16D30E1F683A8D000DA26B /* Main.storyboard */ = {
			isa = PBXVariantGroup;
			children = (
				2C16D30F1F683A8D000DA26B /* Base */,
			);
			name = Main.storyboard;
			sourceTree = "<group>";
		};
		2C16D3161F683A8D000DA26B /* LaunchScreen.storyboard */ = {
			isa = PBXVariantGroup;
			children = (
				2C16D3171F683A8D000DA26B /* Base */,
			);
			name = LaunchScreen.storyboard;
			sourceTree = "<group>";
		};
/* End PBXVariantGroup section */

/* Begin XCBuildConfiguration section */
		2C16D31A1F683A8D000DA26B /* Debug */ = {
			isa = XCBuildConfiguration;
			buildSettings = {
				ALWAYS_SEARCH_USER_PATHS = NO;
				CLANG_ANALYZER_NONNULL = YES;
				CLANG_ANALYZER_NUMBER_OBJECT_CONVERSION = YES_AGGRESSIVE;
				CLANG_CXX_LANGUAGE_STANDARD = "gnu++0x";
				CLANG_CXX_LIBRARY = "libc++";
				CLANG_ENABLE_MODULES = YES;
				CLANG_ENABLE_OBJC_ARC = YES;
				CLANG_WARN_BOOL_CONVERSION = YES;
				CLANG_WARN_CONSTANT_CONVERSION = YES;
				CLANG_WARN_DIRECT_OBJC_ISA_USAGE = YES_ERROR;
				CLANG_WARN_DOCUMENTATION_COMMENTS = YES;
				CLANG_WARN_EMPTY_BODY = YES;
				CLANG_WARN_ENUM_CONVERSION = YES;
				CLANG_WARN_INFINITE_RECURSION = YES;
				CLANG_WARN_INT_CONVERSION = YES;
				CLANG_WARN_OBJC_ROOT_CLASS = YES_ERROR;
				CLANG_WARN_SUSPICIOUS_MOVE = YES;
				CLANG_WARN_UNREACHABLE_CODE = YES;
				CLANG_WARN__DUPLICATE_METHOD_MATCH = YES;
				"CODE_SIGN_IDENTITY[sdk=iphoneos*]" = "iPhone Developer";
				COPY_PHASE_STRIP = NO;
				DEBUG_INFORMATION_FORMAT = dwarf;
				ENABLE_STRICT_OBJC_MSGSEND = YES;
				ENABLE_TESTABILITY = YES;
				GCC_C_LANGUAGE_STANDARD = gnu99;
				GCC_DYNAMIC_NO_PIC = NO;
				GCC_NO_COMMON_BLOCKS = YES;
				GCC_OPTIMIZATION_LEVEL = 0;
				GCC_PREPROCESSOR_DEFINITIONS = (
					"DEBUG=1",
					"$(inherited)",
				);
				GCC_WARN_64_TO_32_BIT_CONVERSION = YES;
				GCC_WARN_ABOUT_RETURN_TYPE = YES_ERROR;
				GCC_WARN_UNDECLARED_SELECTOR = YES;
				GCC_WARN_UNINITIALIZED_AUTOS = YES_AGGRESSIVE;
				GCC_WARN_UNUSED_FUNCTION = YES;
				GCC_WARN_UNUSED_VARIABLE = YES;
				IPHONEOS_DEPLOYMENT_TARGET = 10.3;
				MTL_ENABLE_DEBUG_INFO = YES;
				ONLY_ACTIVE_ARCH = YES;
				SDKROOT = iphoneos;
			};
			name = Debug;
		};
		2C16D31B1F683A8D000DA26B /* Release */ = {
			isa = XCBuildConfiguration;
			buildSettings = {
				ALWAYS_SEARCH_USER_PATHS = NO;
				CLANG_ANALYZER_NONNULL = YES;
				CLANG_ANALYZER_NUMBER_OBJECT_CONVERSION = YES_AGGRESSIVE;
				CLANG_CXX_LANGUAGE_STANDARD = "gnu++0x";
				CLANG_CXX_LIBRARY = "libc++";
				CLANG_ENABLE_MODULES = YES;
				CLANG_ENABLE_OBJC_ARC = YES;
				CLANG_WARN_BOOL_CONVERSION = YES;
				CLANG_WARN_CONSTANT_CONVERSION = YES;
				CLANG_WARN_DIRECT_OBJC_ISA_USAGE = YES_ERROR;
				CLANG_WARN_DOCUMENTATION_COMMENTS = YES;
				CLANG_WARN_EMPTY_BODY = YES;
				CLANG_WARN_ENUM_CONVERSION = YES;
				CLANG_WARN_INFINITE_RECURSION = YES;
				CLANG_WARN_INT_CONVERSION = YES;
				CLANG_WARN_OBJC_ROOT_CLASS = YES_ERROR;
				CLANG_WARN_SUSPICIOUS_MOVE = YES;
				CLANG_WARN_UNREACHABLE_CODE = YES;
				CLANG_WARN__DUPLICATE_METHOD_MATCH = YES;
				"CODE_SIGN_IDENTITY[sdk=iphoneos*]" = "iPhone Developer";
				COPY_PHASE_STRIP = NO;
				DEBUG_INFORMATION_FORMAT = "dwarf-with-dsym";
				ENABLE_NS_ASSERTIONS = NO;
				ENABLE_STRICT_OBJC_MSGSEND = YES;
				GCC_C_LANGUAGE_STANDARD = gnu99;
				GCC_NO_COMMON_BLOCKS = YES;
				GCC_WARN_64_TO_32_BIT_CONVERSION = YES;
				GCC_WARN_ABOUT_RETURN_TYPE = YES_ERROR;
				GCC_WARN_UNDECLARED_SELECTOR = YES;
				GCC_WARN_UNINITIALIZED_AUTOS = YES_AGGRESSIVE;
				GCC_WARN_UNUSED_FUNCTION = YES;
				GCC_WARN_UNUSED_VARIABLE = YES;
				IPHONEOS_DEPLOYMENT_TARGET = 10.3;
				MTL_ENABLE_DEBUG_INFO = NO;
				SDKROOT = iphoneos;
				VALIDATE_PRODUCT = YES;
			};
			name = Release;
		};
		2C16D31D1F683A8D000DA26B /* Debug */ = {
			isa = XCBuildConfiguration;
			buildSettings = {
				ASSETCATALOG_COMPILER_APPICON_NAME = AppIcon;
				DEVELOPMENT_TEAM = KG6GWND6BG;
				INFOPLIST_FILE = ex2/Info.plist;
				LD_RUNPATH_SEARCH_PATHS = "$(inherited) @executable_path/Frameworks";
				PRODUCT_BUNDLE_IDENTIFIER = com.temp.ex2;
				PRODUCT_NAME = "$(TARGET_NAME)";
			};
			name = Debug;
		};
		2C16D31E1F683A8D000DA26B /* Release */ = {
			isa = XCBuildConfiguration;
			buildSettings = {
				ASSETCATALOG_COMPILER_APPICON_NAME = AppIcon;
				DEVELOPMENT_TEAM = KG6GWND6BG;
				INFOPLIST_FILE = ex2/Info.plist;
				LD_RUNPATH_SEARCH_PATHS = "$(inherited) @executable_path/Frameworks";
				PRODUCT_BUNDLE_IDENTIFIER = com.temp.ex2;
				PRODUCT_NAME = "$(TARGET_NAME)";
			};
			name = Release;
		};
/* End XCBuildConfiguration section */

/* Begin XCConfigurationList section */
		2C16D2FD1F683A8C000DA26B /* Build configuration list for PBXProject "ex4" */ = {
			isa = XCConfigurationList;
			buildConfigurations = (
				2C16D31A1F683A8D000DA26B /* Debug */,
				2C16D31B1F683A8D000DA26B /* Release */,
			);
			defaultConfigurationIsVisible = 0;
			defaultConfigurationName = Release;
		};
		2C16D31C1F683A8D000DA26B /* Build configuration list for PBXNativeTarget "ex4" */ = {
			isa = XCConfigurationList;
			buildConfigurations = (
				2C16D31D1F683A8D000DA26B /* Debug */,
				2C16D31E1F683A8D000DA26B /* Release */,
			);
			defaultConfigurationIsVisible = 0;
			defaultConfigurationName = Release;
		};
/* End XCConfigurationList section */

/* Begin XCVersionGroup section */
		2C16D3111F683A8D000DA26B /* ex2.xcdatamodeld */ = {
			isa = XCVersionGroup;
			children = (
				2C16D3121F683A8D000DA26B /* ex2.xcdatamodel */,
			);
			currentVersion = 2C16D3121F683A8D000DA26B /* ex2.xcdatamodel */;
			path = ex2.xcdatamodeld;
			sourceTree = "<group>";
			versionGroupType = wrapper.xcdatamodel;
		};
/* End XCVersionGroup section */
	};
	rootObject = 2C16D2FA1F683A8C000DA26B /* Project object */;
}
